Microsoft Visual Studio Solution File, Format Version 11.00
# Visual Studio 2008

Project("{E7C67460-CB58-E9B7-6EE4-585A07C2529F}") = "JuegoUnity", "Assembly-CSharp.csproj", "{E968DB37-58F5-D68F-152B-3871FDD4CA71}"
EndProject
Global
	GlobalSection(SolutionConfigurationPlatforms) = preSolution
		Debug|Any CPU = Debug|Any CPU
		Release|Any CPU = Release|Any CPU
	EndGlobalSection
	GlobalSection(ProjectConfigurationPlatforms) = postSolution
		{E968DB37-58F5-D68F-152B-3871FDD4CA71}.Debug|Any CPU.ActiveCfg = Debug|Any CPU
		{E968DB37-58F5-D68F-152B-3871FDD4CA71}.Debug|Any CPU.Build.0 = Debug|Any CPU
		{E968DB37-58F5-D68F-152B-3871FDD4CA71}.Release|Any CPU.ActiveCfg = Release|Any CPU
		{E968DB37-58F5-D68F-152B-3871FDD4CA71}.Release|Any CPU.Build.0 = Release|Any CPU
	EndGlobalSection
	GlobalSection(SolutionProperties) = preSolution
		HideSolutionNode = FALSE
	EndGlobalSection
	GlobalSection(MonoDevelopProperties) = preSolution
		StartupItem = Assembly-CSharp.csproj
	EndGlobalSection
EndGlobal
